
Microsoft Visual Studio Solution File, Format Version 12.00
# Visual Studio Version 16
VisualStudioVersion = 16.0.30611.23
MinimumVisualStudioVersion = 10.0.40219.1
Project("{FAE04EC0-301F-11D3-BF4B-00C04F79EFBC}") = "GetcuReone.Cdo.Settings", "GetcuReone.Cdo.Settings\GetcuReone.Cdo.Settings.csproj", "{F06AB5E1-99DB-43BB-AC91-1A8C30E58142}"
EndProject
Global
	GlobalSection(SolutionConfigurationPlatforms) = preSolution
		Debug|Any CPU = Debug|Any CPU
		Release|Any CPU = Release|Any CPU
	EndGlobalSection
	GlobalSection(ProjectConfigurationPlatforms) = postSolution
		{F06AB5E1-99DB-43BB-AC91-1A8C30E58142}.Debug|Any CPU.ActiveCfg = Debug|Any CPU
		{F06AB5E1-99DB-43BB-AC91-1A8C30E58142}.Debug|Any CPU.Build.0 = Debug|Any CPU
		{F06AB5E1-99DB-43BB-AC91-1A8C30E58142}.Release|Any CPU.ActiveCfg = Release|Any CPU
		{F06AB5E1-99DB-43BB-AC91-1A8C30E58142}.Release|Any CPU.Build.0 = Release|Any CPU
	EndGlobalSection
	GlobalSection(SolutionProperties) = preSolution
		HideSolutionNode = FALSE
	EndGlobalSection
	GlobalSection(ExtensibilityGlobals) = postSolution
		SolutionGuid = {019F772B-F1A9-4360-ACEA-B8569E3687CF}
	EndGlobalSection
EndGlobal
