
Microsoft Visual Studio Solution File, Format Version 12.00
# Visual Studio Version 16
VisualStudioVersion = 16.0.30611.23
MinimumVisualStudioVersion = 10.0.40219.1
Project("{9A19103F-16F7-4668-BE54-9A1E7A4F7556}") = "GetcuReone.Cdo.Settings", "GetcuReone.Cdo.Settings\GetcuReone.Cdo.Settings.csproj", "{F06AB5E1-99DB-43BB-AC91-1A8C30E58142}"
EndProject
Project("{2150E333-8FDC-42A3-9474-1A3956D46DE8}") = "Infrastructure", "Infrastructure", "{E68BE0E2-5256-4237-9E6E-A224340E0770}"
EndProject
Project("{9A19103F-16F7-4668-BE54-9A1E7A4F7556}") = "GetcuReone.Cdo.Settings.TestCommon", "Infrastructure\GetcuReone.Cdo.Settings.TestCommon\GetcuReone.Cdo.Settings.TestCommon.csproj", "{CA503042-3DC5-4527-B92B-E5DD3119872A}"
EndProject
Project("{9A19103F-16F7-4668-BE54-9A1E7A4F7556}") = "InfrastructureTests", "Infrastructure\InfrastructureTests\InfrastructureTests.csproj", "{029B9A84-3A64-4AEA-A2CA-0FEA727F81C0}"
EndProject
Project("{FAE04EC0-301F-11D3-BF4B-00C04F79EFBC}") = "GetcuReone.Cdo.SettingsTests", "GetcuReone.Cdo.SettingsTests\GetcuReone.Cdo.SettingsTests.csproj", "{01D268AD-00A9-4441-AF0F-E47886861F8F}"
EndProject
Global
	GlobalSection(SolutionConfigurationPlatforms) = preSolution
		Debug|Any CPU = Debug|Any CPU
		Release|Any CPU = Release|Any CPU
	EndGlobalSection
	GlobalSection(ProjectConfigurationPlatforms) = postSolution
		{F06AB5E1-99DB-43BB-AC91-1A8C30E58142}.Debug|Any CPU.ActiveCfg = Debug|Any CPU
		{F06AB5E1-99DB-43BB-AC91-1A8C30E58142}.Debug|Any CPU.Build.0 = Debug|Any CPU
		{F06AB5E1-99DB-43BB-AC91-1A8C30E58142}.Release|Any CPU.ActiveCfg = Release|Any CPU
		{F06AB5E1-99DB-43BB-AC91-1A8C30E58142}.Release|Any CPU.Build.0 = Release|Any CPU
		{CA503042-3DC5-4527-B92B-E5DD3119872A}.Debug|Any CPU.ActiveCfg = Debug|Any CPU
		{CA503042-3DC5-4527-B92B-E5DD3119872A}.Debug|Any CPU.Build.0 = Debug|Any CPU
		{CA503042-3DC5-4527-B92B-E5DD3119872A}.Release|Any CPU.ActiveCfg = Release|Any CPU
		{CA503042-3DC5-4527-B92B-E5DD3119872A}.Release|Any CPU.Build.0 = Release|Any CPU
		{029B9A84-3A64-4AEA-A2CA-0FEA727F81C0}.Debug|Any CPU.ActiveCfg = Debug|Any CPU
		{029B9A84-3A64-4AEA-A2CA-0FEA727F81C0}.Debug|Any CPU.Build.0 = Debug|Any CPU
		{029B9A84-3A64-4AEA-A2CA-0FEA727F81C0}.Release|Any CPU.ActiveCfg = Release|Any CPU
		{029B9A84-3A64-4AEA-A2CA-0FEA727F81C0}.Release|Any CPU.Build.0 = Release|Any CPU
		{01D268AD-00A9-4441-AF0F-E47886861F8F}.Debug|Any CPU.ActiveCfg = Debug|Any CPU
		{01D268AD-00A9-4441-AF0F-E47886861F8F}.Debug|Any CPU.Build.0 = Debug|Any CPU
		{01D268AD-00A9-4441-AF0F-E47886861F8F}.Release|Any CPU.ActiveCfg = Release|Any CPU
		{01D268AD-00A9-4441-AF0F-E47886861F8F}.Release|Any CPU.Build.0 = Release|Any CPU
	EndGlobalSection
	GlobalSection(SolutionProperties) = preSolution
		HideSolutionNode = FALSE
	EndGlobalSection
	GlobalSection(NestedProjects) = preSolution
		{CA503042-3DC5-4527-B92B-E5DD3119872A} = {E68BE0E2-5256-4237-9E6E-A224340E0770}
		{029B9A84-3A64-4AEA-A2CA-0FEA727F81C0} = {E68BE0E2-5256-4237-9E6E-A224340E0770}
	EndGlobalSection
	GlobalSection(ExtensibilityGlobals) = postSolution
		SolutionGuid = {019F772B-F1A9-4360-ACEA-B8569E3687CF}
	EndGlobalSection
EndGlobal
